
Microsoft Visual Studio Solution File, Format Version 12.00
# Visual Studio Version 17
VisualStudioVersion = 17.9.34728.123
MinimumVisualStudioVersion = 10.0.40219.1
Project("{FAE04EC0-301F-11D3-BF4B-00C04F79EFBC}") = "TImeMachine", "TImeMachine\TImeMachine.csproj", "{3954B209-7699-4959-936F-24A50DB1AF3D}"
EndProject
Global
	GlobalSection(SolutionConfigurationPlatforms) = preSolution
		Debug|Any CPU = Debug|Any CPU
		Release|Any CPU = Release|Any CPU
	EndGlobalSection
	GlobalSection(ProjectConfigurationPlatforms) = postSolution
		{3954B209-7699-4959-936F-24A50DB1AF3D}.Debug|Any CPU.ActiveCfg = Debug|Any CPU
		{3954B209-7699-4959-936F-24A50DB1AF3D}.Debug|Any CPU.Build.0 = Debug|Any CPU
		{3954B209-7699-4959-936F-24A50DB1AF3D}.Release|Any CPU.ActiveCfg = Release|Any CPU
		{3954B209-7699-4959-936F-24A50DB1AF3D}.Release|Any CPU.Build.0 = Release|Any CPU
	EndGlobalSection
	GlobalSection(SolutionProperties) = preSolution
		HideSolutionNode = FALSE
	EndGlobalSection
	GlobalSection(ExtensibilityGlobals) = postSolution
		SolutionGuid = {14D6F24B-6447-4EA5-B6D3-62FDF1F92956}
	EndGlobalSection
EndGlobal
